
Microsoft Visual Studio Solution File, Format Version 12.00
# Visual Studio Version 16
VisualStudioVersion = 16.0.29009.5
MinimumVisualStudioVersion = 10.0.40219.1
Project("{FAE04EC0-301F-11D3-BF4B-00C04F79EFBC}") = "BaseClasses", "BaseClasses\BaseClasses.csproj", "{4210935F-5E2D-4FDA-AB15-2437BD311D2D}"
EndProject
Global
	GlobalSection(SolutionConfigurationPlatforms) = preSolution
		Debug|Any CPU = Debug|Any CPU
		Release|Any CPU = Release|Any CPU
	EndGlobalSection
	GlobalSection(ProjectConfigurationPlatforms) = postSolution
		{4210935F-5E2D-4FDA-AB15-2437BD311D2D}.Debug|Any CPU.ActiveCfg = Debug|Any CPU
		{4210935F-5E2D-4FDA-AB15-2437BD311D2D}.Debug|Any CPU.Build.0 = Debug|Any CPU
		{4210935F-5E2D-4FDA-AB15-2437BD311D2D}.Release|Any CPU.ActiveCfg = Release|Any CPU
		{4210935F-5E2D-4FDA-AB15-2437BD311D2D}.Release|Any CPU.Build.0 = Release|Any CPU
	EndGlobalSection
	GlobalSection(SolutionProperties) = preSolution
		HideSolutionNode = FALSE
	EndGlobalSection
	GlobalSection(ExtensibilityGlobals) = postSolution
		SolutionGuid = {3AF39447-21B5-4F40-9DB6-A90D43454F80}
	EndGlobalSection
EndGlobal
